
Microsoft Visual Studio Solution File, Format Version 12.00
# Visual Studio Version 16
VisualStudioVersion = 16.0.29609.76
MinimumVisualStudioVersion = 10.0.40219.1
Project("{9A19103F-16F7-4668-BE54-9A1E7A4F7556}") = "Jitex", "Jitex\Jitex.csproj", "{B2B6EA59-C4F6-4A61-94C4-B47A6371FADA}"
EndProject
Project("{9A19103F-16F7-4668-BE54-9A1E7A4F7556}") = "Jitex.Test", "Jitex.Test\Jitex.Test.csproj", "{F4EB8E09-C476-446A-921D-68AD5A0A88F8}"
EndProject
Project("{FAE04EC0-301F-11D3-BF4B-00C04F79EFBC}") = "Testing", "Testing\Testing.csproj", "{74BAD152-11F8-47C3-9207-DEBAFBDD7E62}"
EndProject
Global
	GlobalSection(SolutionConfigurationPlatforms) = preSolution
		Debug|Any CPU = Debug|Any CPU
		Release|Any CPU = Release|Any CPU
	EndGlobalSection
	GlobalSection(ProjectConfigurationPlatforms) = postSolution
		{B2B6EA59-C4F6-4A61-94C4-B47A6371FADA}.Debug|Any CPU.ActiveCfg = Debug|Any CPU
		{B2B6EA59-C4F6-4A61-94C4-B47A6371FADA}.Debug|Any CPU.Build.0 = Debug|Any CPU
		{B2B6EA59-C4F6-4A61-94C4-B47A6371FADA}.Release|Any CPU.ActiveCfg = Release|Any CPU
		{B2B6EA59-C4F6-4A61-94C4-B47A6371FADA}.Release|Any CPU.Build.0 = Release|Any CPU
		{F4EB8E09-C476-446A-921D-68AD5A0A88F8}.Debug|Any CPU.ActiveCfg = Debug|Any CPU
		{F4EB8E09-C476-446A-921D-68AD5A0A88F8}.Debug|Any CPU.Build.0 = Debug|Any CPU
		{F4EB8E09-C476-446A-921D-68AD5A0A88F8}.Release|Any CPU.ActiveCfg = Release|Any CPU
		{F4EB8E09-C476-446A-921D-68AD5A0A88F8}.Release|Any CPU.Build.0 = Release|Any CPU
		{74BAD152-11F8-47C3-9207-DEBAFBDD7E62}.Debug|Any CPU.ActiveCfg = Debug|Any CPU
		{74BAD152-11F8-47C3-9207-DEBAFBDD7E62}.Debug|Any CPU.Build.0 = Debug|Any CPU
		{74BAD152-11F8-47C3-9207-DEBAFBDD7E62}.Release|Any CPU.ActiveCfg = Release|Any CPU
		{74BAD152-11F8-47C3-9207-DEBAFBDD7E62}.Release|Any CPU.Build.0 = Release|Any CPU
	EndGlobalSection
	GlobalSection(SolutionProperties) = preSolution
		HideSolutionNode = FALSE
	EndGlobalSection
	GlobalSection(ExtensibilityGlobals) = postSolution
		SolutionGuid = {FDDD2D1A-D0A5-4F4F-97C1-E3BEB2910B61}
	EndGlobalSection
EndGlobal
