
Microsoft Visual Studio Solution File, Format Version 12.00
# Visual Studio Version 16
VisualStudioVersion = 16.0.29609.76
MinimumVisualStudioVersion = 10.0.40219.1
Project("{9A19103F-16F7-4668-BE54-9A1E7A4F7556}") = "Jitex", "Jitex\Jitex.csproj", "{B2B6EA59-C4F6-4A61-94C4-B47A6371FADA}"
EndProject
Project("{9A19103F-16F7-4668-BE54-9A1E7A4F7556}") = "CoreRT", "CoreRT\CoreRT.csproj", "{C4D557F8-3273-476A-B9D5-EDD0093F7146}"
EndProject
Global
	GlobalSection(SolutionConfigurationPlatforms) = preSolution
		Debug|Any CPU = Debug|Any CPU
		Debug|x64 = Debug|x64
		Release|Any CPU = Release|Any CPU
		Release|x64 = Release|x64
	EndGlobalSection
	GlobalSection(ProjectConfigurationPlatforms) = postSolution
		{B2B6EA59-C4F6-4A61-94C4-B47A6371FADA}.Debug|Any CPU.ActiveCfg = Debug|Any CPU
		{B2B6EA59-C4F6-4A61-94C4-B47A6371FADA}.Debug|Any CPU.Build.0 = Debug|Any CPU
		{B2B6EA59-C4F6-4A61-94C4-B47A6371FADA}.Debug|x64.ActiveCfg = Debug|x64
		{B2B6EA59-C4F6-4A61-94C4-B47A6371FADA}.Debug|x64.Build.0 = Debug|x64
		{B2B6EA59-C4F6-4A61-94C4-B47A6371FADA}.Release|Any CPU.ActiveCfg = Release|Any CPU
		{B2B6EA59-C4F6-4A61-94C4-B47A6371FADA}.Release|Any CPU.Build.0 = Release|Any CPU
		{B2B6EA59-C4F6-4A61-94C4-B47A6371FADA}.Release|x64.ActiveCfg = Release|x64
		{B2B6EA59-C4F6-4A61-94C4-B47A6371FADA}.Release|x64.Build.0 = Release|x64
		{C4D557F8-3273-476A-B9D5-EDD0093F7146}.Debug|Any CPU.ActiveCfg = Debug|Any CPU
		{C4D557F8-3273-476A-B9D5-EDD0093F7146}.Debug|Any CPU.Build.0 = Debug|Any CPU
		{C4D557F8-3273-476A-B9D5-EDD0093F7146}.Debug|x64.ActiveCfg = Debug|Any CPU
		{C4D557F8-3273-476A-B9D5-EDD0093F7146}.Debug|x64.Build.0 = Debug|Any CPU
		{C4D557F8-3273-476A-B9D5-EDD0093F7146}.Release|Any CPU.ActiveCfg = Release|Any CPU
		{C4D557F8-3273-476A-B9D5-EDD0093F7146}.Release|Any CPU.Build.0 = Release|Any CPU
		{C4D557F8-3273-476A-B9D5-EDD0093F7146}.Release|x64.ActiveCfg = Release|Any CPU
		{C4D557F8-3273-476A-B9D5-EDD0093F7146}.Release|x64.Build.0 = Release|Any CPU
	EndGlobalSection
	GlobalSection(SolutionProperties) = preSolution
		HideSolutionNode = FALSE
	EndGlobalSection
	GlobalSection(ExtensibilityGlobals) = postSolution
		SolutionGuid = {FDDD2D1A-D0A5-4F4F-97C1-E3BEB2910B61}
	EndGlobalSection
EndGlobal
